
Microsoft Visual Studio Solution File, Format Version 12.00
# Visual Studio 14
VisualStudioVersion = 14.0.25420.1
MinimumVisualStudioVersion = 10.0.40219.1
Project("{FAE04EC0-301F-11D3-BF4B-00C04F79EFBC}") = "Core.UWP", "Core.UWP\Core.UWP.csproj", "{1652093C-B541-48C9-BCB6-BBE7CE7C7FFE}"
EndProject
Project("{FAE04EC0-301F-11D3-BF4B-00C04F79EFBC}") = "Data.UWP", "Data.UWP\Data.UWP.csproj", "{453EDD2C-5B29-4D4E-B4DA-578D0BDCA06F}"
EndProject
Project("{2150E333-8FDC-42A3-9474-1A3956D46DE8}") = "Primitives", "Primitives", "{1535A007-5BC4-41B6-B9CA-FDC7AAFA75F9}"
EndProject
Project("{FAE04EC0-301F-11D3-BF4B-00C04F79EFBC}") = "Primitives.UWP", "Primitives\Primitives.UWP\Primitives.UWP.csproj", "{BF14F352-F1B9-4CDE-854B-0339259A4CFD}"
EndProject
Project("{2150E333-8FDC-42A3-9474-1A3956D46DE8}") = "Chart", "Chart", "{AC00B3FD-1033-4E91-99ED-768191AF090C}"
EndProject
Project("{FAE04EC0-301F-11D3-BF4B-00C04F79EFBC}") = "Chart.UWP", "Chart\Chart.UWP\Chart.UWP.csproj", "{B1A0D416-9566-45CC-AA38-41908D28CE56}"
EndProject
Project("{2150E333-8FDC-42A3-9474-1A3956D46DE8}") = "DataVisualization", "DataVisualization", "{83874C89-FB6F-4CAA-B48C-E5985E0FC14A}"
EndProject
Project("{FAE04EC0-301F-11D3-BF4B-00C04F79EFBC}") = "DataVisualization.UWP", "DataVisualization\DataVisualization.UWP\DataVisualization.UWP.csproj", "{53D05634-F960-4526-8008-F082A598A0E4}"
EndProject
Project("{2150E333-8FDC-42A3-9474-1A3956D46DE8}") = "Input", "Input", "{9DEA169A-8E03-47A5-82C4-EB239B686252}"
EndProject
Project("{FAE04EC0-301F-11D3-BF4B-00C04F79EFBC}") = "Input.UWP", "Input\Input.UWP\Input.UWP.csproj", "{5DB497CD-B469-42A8-AE39-41B8465710A6}"
EndProject
Project("{2150E333-8FDC-42A3-9474-1A3956D46DE8}") = "DataControls", "DataControls", "{FEE19EE0-392E-41B9-9D37-2D77826B5647}"
EndProject
Project("{FAE04EC0-301F-11D3-BF4B-00C04F79EFBC}") = "DataControls.UWP", "DataControls\DataControls.UWP\DataControls.UWP.csproj", "{02174A60-4907-449E-818C-A25A39C0B3DC}"
EndProject
Project("{2150E333-8FDC-42A3-9474-1A3956D46DE8}") = "Grid", "Grid", "{B644D976-FFDC-4BD6-9DA2-76F25D04CDA7}"
EndProject
Project("{FAE04EC0-301F-11D3-BF4B-00C04F79EFBC}") = "Grid.UWP", "Grid\Grid.UWP\Grid.UWP.csproj", "{23930C19-5A0F-4217-A80A-868505D629A4}"
EndProject
Project("{2150E333-8FDC-42A3-9474-1A3956D46DE8}") = "Tests", "Tests", "{BBA7198B-6778-4AE3-9172-0D1314D997D1}"
EndProject
Project("{FAE04EC0-301F-11D3-BF4B-00C04F79EFBC}") = "Grid.Tests", "..\UnitTests\UAP.Tests\Grid.Tests\Grid.Tests.csproj", "{B3477108-2FE6-419A-8BDF-FDBD587B70F3}"
EndProject
Project("{FAE04EC0-301F-11D3-BF4B-00C04F79EFBC}") = "DataControls.Tests", "..\UnitTests\UAP.Tests\DataControls.Tests\DataControls.Tests.csproj", "{0F3F9F46-C25C-4D12-A438-2A7E74007CD7}"
EndProject
Project("{FAE04EC0-301F-11D3-BF4B-00C04F79EFBC}") = "Input.Tests", "..\UnitTests\UAP.Tests\Input.Tests\Input.Tests.csproj", "{C8CB27F6-1CC5-46C2-BC75-46C915B558D4}"
EndProject
Project("{FAE04EC0-301F-11D3-BF4B-00C04F79EFBC}") = "Chart.Tests", "..\UnitTests\UAP.Tests\Chart.Tests\Chart.Tests.csproj", "{A4F4348C-2E3E-4674-BCE0-4BB6E2DE32FB}"
EndProject
Project("{FAE04EC0-301F-11D3-BF4B-00C04F79EFBC}") = "TestApp1", "TestApp1\TestApp1.csproj", "{C033D0F1-4D9D-4746-9E02-EB1B3B9815BB}"
EndProject
Global
	GlobalSection(SolutionConfigurationPlatforms) = preSolution
		Debug|Any CPU = Debug|Any CPU
		Debug|ARM = Debug|ARM
		Debug|x64 = Debug|x64
		Debug|x86 = Debug|x86
		Release|Any CPU = Release|Any CPU
		Release|ARM = Release|ARM
		Release|x64 = Release|x64
		Release|x86 = Release|x86
	EndGlobalSection
	GlobalSection(ProjectConfigurationPlatforms) = postSolution
		{1652093C-B541-48C9-BCB6-BBE7CE7C7FFE}.Debug|Any CPU.ActiveCfg = Debug|Any CPU
		{1652093C-B541-48C9-BCB6-BBE7CE7C7FFE}.Debug|Any CPU.Build.0 = Debug|Any CPU
		{1652093C-B541-48C9-BCB6-BBE7CE7C7FFE}.Debug|ARM.ActiveCfg = Debug|Any CPU
		{1652093C-B541-48C9-BCB6-BBE7CE7C7FFE}.Debug|ARM.Build.0 = Debug|Any CPU
		{1652093C-B541-48C9-BCB6-BBE7CE7C7FFE}.Debug|x64.ActiveCfg = Debug|Any CPU
		{1652093C-B541-48C9-BCB6-BBE7CE7C7FFE}.Debug|x64.Build.0 = Debug|Any CPU
		{1652093C-B541-48C9-BCB6-BBE7CE7C7FFE}.Debug|x86.ActiveCfg = Debug|Any CPU
		{1652093C-B541-48C9-BCB6-BBE7CE7C7FFE}.Debug|x86.Build.0 = Debug|Any CPU
		{1652093C-B541-48C9-BCB6-BBE7CE7C7FFE}.Release|Any CPU.ActiveCfg = Release|Any CPU
		{1652093C-B541-48C9-BCB6-BBE7CE7C7FFE}.Release|Any CPU.Build.0 = Release|Any CPU
		{1652093C-B541-48C9-BCB6-BBE7CE7C7FFE}.Release|ARM.ActiveCfg = Release|Any CPU
		{1652093C-B541-48C9-BCB6-BBE7CE7C7FFE}.Release|ARM.Build.0 = Release|Any CPU
		{1652093C-B541-48C9-BCB6-BBE7CE7C7FFE}.Release|x64.ActiveCfg = Release|Any CPU
		{1652093C-B541-48C9-BCB6-BBE7CE7C7FFE}.Release|x64.Build.0 = Release|Any CPU
		{1652093C-B541-48C9-BCB6-BBE7CE7C7FFE}.Release|x86.ActiveCfg = Release|Any CPU
		{1652093C-B541-48C9-BCB6-BBE7CE7C7FFE}.Release|x86.Build.0 = Release|Any CPU
		{453EDD2C-5B29-4D4E-B4DA-578D0BDCA06F}.Debug|Any CPU.ActiveCfg = Debug|Any CPU
		{453EDD2C-5B29-4D4E-B4DA-578D0BDCA06F}.Debug|Any CPU.Build.0 = Debug|Any CPU
		{453EDD2C-5B29-4D4E-B4DA-578D0BDCA06F}.Debug|ARM.ActiveCfg = Debug|Any CPU
		{453EDD2C-5B29-4D4E-B4DA-578D0BDCA06F}.Debug|ARM.Build.0 = Debug|Any CPU
		{453EDD2C-5B29-4D4E-B4DA-578D0BDCA06F}.Debug|x64.ActiveCfg = Debug|Any CPU
		{453EDD2C-5B29-4D4E-B4DA-578D0BDCA06F}.Debug|x64.Build.0 = Debug|Any CPU
		{453EDD2C-5B29-4D4E-B4DA-578D0BDCA06F}.Debug|x86.ActiveCfg = Debug|Any CPU
		{453EDD2C-5B29-4D4E-B4DA-578D0BDCA06F}.Debug|x86.Build.0 = Debug|Any CPU
		{453EDD2C-5B29-4D4E-B4DA-578D0BDCA06F}.Release|Any CPU.ActiveCfg = Release|Any CPU
		{453EDD2C-5B29-4D4E-B4DA-578D0BDCA06F}.Release|Any CPU.Build.0 = Release|Any CPU
		{453EDD2C-5B29-4D4E-B4DA-578D0BDCA06F}.Release|ARM.ActiveCfg = Release|Any CPU
		{453EDD2C-5B29-4D4E-B4DA-578D0BDCA06F}.Release|ARM.Build.0 = Release|Any CPU
		{453EDD2C-5B29-4D4E-B4DA-578D0BDCA06F}.Release|x64.ActiveCfg = Release|Any CPU
		{453EDD2C-5B29-4D4E-B4DA-578D0BDCA06F}.Release|x64.Build.0 = Release|Any CPU
		{453EDD2C-5B29-4D4E-B4DA-578D0BDCA06F}.Release|x86.ActiveCfg = Release|Any CPU
		{453EDD2C-5B29-4D4E-B4DA-578D0BDCA06F}.Release|x86.Build.0 = Release|Any CPU
		{BF14F352-F1B9-4CDE-854B-0339259A4CFD}.Debug|Any CPU.ActiveCfg = Debug|Any CPU
		{BF14F352-F1B9-4CDE-854B-0339259A4CFD}.Debug|Any CPU.Build.0 = Debug|Any CPU
		{BF14F352-F1B9-4CDE-854B-0339259A4CFD}.Debug|ARM.ActiveCfg = Debug|Any CPU
		{BF14F352-F1B9-4CDE-854B-0339259A4CFD}.Debug|ARM.Build.0 = Debug|Any CPU
		{BF14F352-F1B9-4CDE-854B-0339259A4CFD}.Debug|x64.ActiveCfg = Debug|Any CPU
		{BF14F352-F1B9-4CDE-854B-0339259A4CFD}.Debug|x64.Build.0 = Debug|Any CPU
		{BF14F352-F1B9-4CDE-854B-0339259A4CFD}.Debug|x86.ActiveCfg = Debug|Any CPU
		{BF14F352-F1B9-4CDE-854B-0339259A4CFD}.Debug|x86.Build.0 = Debug|Any CPU
		{BF14F352-F1B9-4CDE-854B-0339259A4CFD}.Release|Any CPU.ActiveCfg = Release|Any CPU
		{BF14F352-F1B9-4CDE-854B-0339259A4CFD}.Release|Any CPU.Build.0 = Release|Any CPU
		{BF14F352-F1B9-4CDE-854B-0339259A4CFD}.Release|ARM.ActiveCfg = Release|Any CPU
		{BF14F352-F1B9-4CDE-854B-0339259A4CFD}.Release|ARM.Build.0 = Release|Any CPU
		{BF14F352-F1B9-4CDE-854B-0339259A4CFD}.Release|x64.ActiveCfg = Release|Any CPU
		{BF14F352-F1B9-4CDE-854B-0339259A4CFD}.Release|x64.Build.0 = Release|Any CPU
		{BF14F352-F1B9-4CDE-854B-0339259A4CFD}.Release|x86.ActiveCfg = Release|Any CPU
		{BF14F352-F1B9-4CDE-854B-0339259A4CFD}.Release|x86.Build.0 = Release|Any CPU
		{B1A0D416-9566-45CC-AA38-41908D28CE56}.Debug|Any CPU.ActiveCfg = Debug|Any CPU
		{B1A0D416-9566-45CC-AA38-41908D28CE56}.Debug|Any CPU.Build.0 = Debug|Any CPU
		{B1A0D416-9566-45CC-AA38-41908D28CE56}.Debug|ARM.ActiveCfg = Debug|Any CPU
		{B1A0D416-9566-45CC-AA38-41908D28CE56}.Debug|ARM.Build.0 = Debug|Any CPU
		{B1A0D416-9566-45CC-AA38-41908D28CE56}.Debug|x64.ActiveCfg = Debug|Any CPU
		{B1A0D416-9566-45CC-AA38-41908D28CE56}.Debug|x64.Build.0 = Debug|Any CPU
		{B1A0D416-9566-45CC-AA38-41908D28CE56}.Debug|x86.ActiveCfg = Debug|Any CPU
		{B1A0D416-9566-45CC-AA38-41908D28CE56}.Debug|x86.Build.0 = Debug|Any CPU
		{B1A0D416-9566-45CC-AA38-41908D28CE56}.Release|Any CPU.ActiveCfg = Release|Any CPU
		{B1A0D416-9566-45CC-AA38-41908D28CE56}.Release|Any CPU.Build.0 = Release|Any CPU
		{B1A0D416-9566-45CC-AA38-41908D28CE56}.Release|ARM.ActiveCfg = Release|Any CPU
		{B1A0D416-9566-45CC-AA38-41908D28CE56}.Release|ARM.Build.0 = Release|Any CPU
		{B1A0D416-9566-45CC-AA38-41908D28CE56}.Release|x64.ActiveCfg = Release|Any CPU
		{B1A0D416-9566-45CC-AA38-41908D28CE56}.Release|x64.Build.0 = Release|Any CPU
		{B1A0D416-9566-45CC-AA38-41908D28CE56}.Release|x86.ActiveCfg = Release|Any CPU
		{B1A0D416-9566-45CC-AA38-41908D28CE56}.Release|x86.Build.0 = Release|Any CPU
		{53D05634-F960-4526-8008-F082A598A0E4}.Debug|Any CPU.ActiveCfg = Debug|Any CPU
		{53D05634-F960-4526-8008-F082A598A0E4}.Debug|Any CPU.Build.0 = Debug|Any CPU
		{53D05634-F960-4526-8008-F082A598A0E4}.Debug|ARM.ActiveCfg = Debug|Any CPU
		{53D05634-F960-4526-8008-F082A598A0E4}.Debug|ARM.Build.0 = Debug|Any CPU
		{53D05634-F960-4526-8008-F082A598A0E4}.Debug|x64.ActiveCfg = Debug|Any CPU
		{53D05634-F960-4526-8008-F082A598A0E4}.Debug|x64.Build.0 = Debug|Any CPU
		{53D05634-F960-4526-8008-F082A598A0E4}.Debug|x86.ActiveCfg = Debug|Any CPU
		{53D05634-F960-4526-8008-F082A598A0E4}.Debug|x86.Build.0 = Debug|Any CPU
		{53D05634-F960-4526-8008-F082A598A0E4}.Release|Any CPU.ActiveCfg = Release|Any CPU
		{53D05634-F960-4526-8008-F082A598A0E4}.Release|Any CPU.Build.0 = Release|Any CPU
		{53D05634-F960-4526-8008-F082A598A0E4}.Release|ARM.ActiveCfg = Release|Any CPU
		{53D05634-F960-4526-8008-F082A598A0E4}.Release|ARM.Build.0 = Release|Any CPU
		{53D05634-F960-4526-8008-F082A598A0E4}.Release|x64.ActiveCfg = Release|Any CPU
		{53D05634-F960-4526-8008-F082A598A0E4}.Release|x64.Build.0 = Release|Any CPU
		{53D05634-F960-4526-8008-F082A598A0E4}.Release|x86.ActiveCfg = Release|Any CPU
		{53D05634-F960-4526-8008-F082A598A0E4}.Release|x86.Build.0 = Release|Any CPU
		{5DB497CD-B469-42A8-AE39-41B8465710A6}.Debug|Any CPU.ActiveCfg = Debug|Any CPU
		{5DB497CD-B469-42A8-AE39-41B8465710A6}.Debug|Any CPU.Build.0 = Debug|Any CPU
		{5DB497CD-B469-42A8-AE39-41B8465710A6}.Debug|ARM.ActiveCfg = Debug|Any CPU
		{5DB497CD-B469-42A8-AE39-41B8465710A6}.Debug|ARM.Build.0 = Debug|Any CPU
		{5DB497CD-B469-42A8-AE39-41B8465710A6}.Debug|x64.ActiveCfg = Debug|Any CPU
		{5DB497CD-B469-42A8-AE39-41B8465710A6}.Debug|x64.Build.0 = Debug|Any CPU
		{5DB497CD-B469-42A8-AE39-41B8465710A6}.Debug|x86.ActiveCfg = Debug|Any CPU
		{5DB497CD-B469-42A8-AE39-41B8465710A6}.Debug|x86.Build.0 = Debug|Any CPU
		{5DB497CD-B469-42A8-AE39-41B8465710A6}.Release|Any CPU.ActiveCfg = Release|Any CPU
		{5DB497CD-B469-42A8-AE39-41B8465710A6}.Release|Any CPU.Build.0 = Release|Any CPU
		{5DB497CD-B469-42A8-AE39-41B8465710A6}.Release|ARM.ActiveCfg = Release|Any CPU
		{5DB497CD-B469-42A8-AE39-41B8465710A6}.Release|ARM.Build.0 = Release|Any CPU
		{5DB497CD-B469-42A8-AE39-41B8465710A6}.Release|x64.ActiveCfg = Release|Any CPU
		{5DB497CD-B469-42A8-AE39-41B8465710A6}.Release|x64.Build.0 = Release|Any CPU
		{5DB497CD-B469-42A8-AE39-41B8465710A6}.Release|x86.ActiveCfg = Release|Any CPU
		{5DB497CD-B469-42A8-AE39-41B8465710A6}.Release|x86.Build.0 = Release|Any CPU
		{02174A60-4907-449E-818C-A25A39C0B3DC}.Debug|Any CPU.ActiveCfg = Debug|Any CPU
		{02174A60-4907-449E-818C-A25A39C0B3DC}.Debug|Any CPU.Build.0 = Debug|Any CPU
		{02174A60-4907-449E-818C-A25A39C0B3DC}.Debug|ARM.ActiveCfg = Debug|Any CPU
		{02174A60-4907-449E-818C-A25A39C0B3DC}.Debug|ARM.Build.0 = Debug|Any CPU
		{02174A60-4907-449E-818C-A25A39C0B3DC}.Debug|x64.ActiveCfg = Debug|Any CPU
		{02174A60-4907-449E-818C-A25A39C0B3DC}.Debug|x64.Build.0 = Debug|Any CPU
		{02174A60-4907-449E-818C-A25A39C0B3DC}.Debug|x86.ActiveCfg = Debug|Any CPU
		{02174A60-4907-449E-818C-A25A39C0B3DC}.Debug|x86.Build.0 = Debug|Any CPU
		{02174A60-4907-449E-818C-A25A39C0B3DC}.Release|Any CPU.ActiveCfg = Release|Any CPU
		{02174A60-4907-449E-818C-A25A39C0B3DC}.Release|Any CPU.Build.0 = Release|Any CPU
		{02174A60-4907-449E-818C-A25A39C0B3DC}.Release|ARM.ActiveCfg = Release|Any CPU
		{02174A60-4907-449E-818C-A25A39C0B3DC}.Release|ARM.Build.0 = Release|Any CPU
		{02174A60-4907-449E-818C-A25A39C0B3DC}.Release|x64.ActiveCfg = Release|Any CPU
		{02174A60-4907-449E-818C-A25A39C0B3DC}.Release|x64.Build.0 = Release|Any CPU
		{02174A60-4907-449E-818C-A25A39C0B3DC}.Release|x86.ActiveCfg = Release|Any CPU
		{02174A60-4907-449E-818C-A25A39C0B3DC}.Release|x86.Build.0 = Release|Any CPU
		{23930C19-5A0F-4217-A80A-868505D629A4}.Debug|Any CPU.ActiveCfg = Debug|Any CPU
		{23930C19-5A0F-4217-A80A-868505D629A4}.Debug|Any CPU.Build.0 = Debug|Any CPU
		{23930C19-5A0F-4217-A80A-868505D629A4}.Debug|ARM.ActiveCfg = Debug|Any CPU
		{23930C19-5A0F-4217-A80A-868505D629A4}.Debug|ARM.Build.0 = Debug|Any CPU
		{23930C19-5A0F-4217-A80A-868505D629A4}.Debug|x64.ActiveCfg = Debug|Any CPU
		{23930C19-5A0F-4217-A80A-868505D629A4}.Debug|x64.Build.0 = Debug|Any CPU
		{23930C19-5A0F-4217-A80A-868505D629A4}.Debug|x86.ActiveCfg = Debug|Any CPU
		{23930C19-5A0F-4217-A80A-868505D629A4}.Debug|x86.Build.0 = Debug|Any CPU
		{23930C19-5A0F-4217-A80A-868505D629A4}.Release|Any CPU.ActiveCfg = Release|Any CPU
		{23930C19-5A0F-4217-A80A-868505D629A4}.Release|Any CPU.Build.0 = Release|Any CPU
		{23930C19-5A0F-4217-A80A-868505D629A4}.Release|ARM.ActiveCfg = Release|Any CPU
		{23930C19-5A0F-4217-A80A-868505D629A4}.Release|ARM.Build.0 = Release|Any CPU
		{23930C19-5A0F-4217-A80A-868505D629A4}.Release|x64.ActiveCfg = Release|Any CPU
		{23930C19-5A0F-4217-A80A-868505D629A4}.Release|x64.Build.0 = Release|Any CPU
		{23930C19-5A0F-4217-A80A-868505D629A4}.Release|x86.ActiveCfg = Release|Any CPU
		{23930C19-5A0F-4217-A80A-868505D629A4}.Release|x86.Build.0 = Release|Any CPU
		{B3477108-2FE6-419A-8BDF-FDBD587B70F3}.Debug|Any CPU.ActiveCfg = Debug|x86
		{B3477108-2FE6-419A-8BDF-FDBD587B70F3}.Debug|Any CPU.Build.0 = Debug|x86
		{B3477108-2FE6-419A-8BDF-FDBD587B70F3}.Debug|ARM.ActiveCfg = Debug|ARM
		{B3477108-2FE6-419A-8BDF-FDBD587B70F3}.Debug|ARM.Build.0 = Debug|ARM
		{B3477108-2FE6-419A-8BDF-FDBD587B70F3}.Debug|ARM.Deploy.0 = Debug|ARM
		{B3477108-2FE6-419A-8BDF-FDBD587B70F3}.Debug|x64.ActiveCfg = Debug|x64
		{B3477108-2FE6-419A-8BDF-FDBD587B70F3}.Debug|x64.Build.0 = Debug|x64
		{B3477108-2FE6-419A-8BDF-FDBD587B70F3}.Debug|x64.Deploy.0 = Debug|x64
		{B3477108-2FE6-419A-8BDF-FDBD587B70F3}.Debug|x86.ActiveCfg = Debug|x86
		{B3477108-2FE6-419A-8BDF-FDBD587B70F3}.Debug|x86.Build.0 = Debug|x86
		{B3477108-2FE6-419A-8BDF-FDBD587B70F3}.Debug|x86.Deploy.0 = Debug|x86
		{B3477108-2FE6-419A-8BDF-FDBD587B70F3}.Release|Any CPU.ActiveCfg = Release|x86
		{B3477108-2FE6-419A-8BDF-FDBD587B70F3}.Release|Any CPU.Build.0 = Release|x86
		{B3477108-2FE6-419A-8BDF-FDBD587B70F3}.Release|ARM.ActiveCfg = Release|ARM
		{B3477108-2FE6-419A-8BDF-FDBD587B70F3}.Release|ARM.Build.0 = Release|ARM
		{B3477108-2FE6-419A-8BDF-FDBD587B70F3}.Release|ARM.Deploy.0 = Release|ARM
		{B3477108-2FE6-419A-8BDF-FDBD587B70F3}.Release|x64.ActiveCfg = Release|x64
		{B3477108-2FE6-419A-8BDF-FDBD587B70F3}.Release|x64.Build.0 = Release|x64
		{B3477108-2FE6-419A-8BDF-FDBD587B70F3}.Release|x64.Deploy.0 = Release|x64
		{B3477108-2FE6-419A-8BDF-FDBD587B70F3}.Release|x86.ActiveCfg = Release|x86
		{B3477108-2FE6-419A-8BDF-FDBD587B70F3}.Release|x86.Build.0 = Release|x86
		{B3477108-2FE6-419A-8BDF-FDBD587B70F3}.Release|x86.Deploy.0 = Release|x86
		{0F3F9F46-C25C-4D12-A438-2A7E74007CD7}.Debug|Any CPU.ActiveCfg = Debug|x86
		{0F3F9F46-C25C-4D12-A438-2A7E74007CD7}.Debug|Any CPU.Build.0 = Debug|x86
		{0F3F9F46-C25C-4D12-A438-2A7E74007CD7}.Debug|ARM.ActiveCfg = Debug|ARM
		{0F3F9F46-C25C-4D12-A438-2A7E74007CD7}.Debug|ARM.Build.0 = Debug|ARM
		{0F3F9F46-C25C-4D12-A438-2A7E74007CD7}.Debug|ARM.Deploy.0 = Debug|ARM
		{0F3F9F46-C25C-4D12-A438-2A7E74007CD7}.Debug|x64.ActiveCfg = Debug|x64
		{0F3F9F46-C25C-4D12-A438-2A7E74007CD7}.Debug|x64.Build.0 = Debug|x64
		{0F3F9F46-C25C-4D12-A438-2A7E74007CD7}.Debug|x64.Deploy.0 = Debug|x64
		{0F3F9F46-C25C-4D12-A438-2A7E74007CD7}.Debug|x86.ActiveCfg = Debug|x86
		{0F3F9F46-C25C-4D12-A438-2A7E74007CD7}.Debug|x86.Build.0 = Debug|x86
		{0F3F9F46-C25C-4D12-A438-2A7E74007CD7}.Debug|x86.Deploy.0 = Debug|x86
		{0F3F9F46-C25C-4D12-A438-2A7E74007CD7}.Release|Any CPU.ActiveCfg = Release|x86
		{0F3F9F46-C25C-4D12-A438-2A7E74007CD7}.Release|Any CPU.Build.0 = Release|x86
		{0F3F9F46-C25C-4D12-A438-2A7E74007CD7}.Release|ARM.ActiveCfg = Release|ARM
		{0F3F9F46-C25C-4D12-A438-2A7E74007CD7}.Release|ARM.Build.0 = Release|ARM
		{0F3F9F46-C25C-4D12-A438-2A7E74007CD7}.Release|ARM.Deploy.0 = Release|ARM
		{0F3F9F46-C25C-4D12-A438-2A7E74007CD7}.Release|x64.ActiveCfg = Release|x64
		{0F3F9F46-C25C-4D12-A438-2A7E74007CD7}.Release|x64.Build.0 = Release|x64
		{0F3F9F46-C25C-4D12-A438-2A7E74007CD7}.Release|x64.Deploy.0 = Release|x64
		{0F3F9F46-C25C-4D12-A438-2A7E74007CD7}.Release|x86.ActiveCfg = Release|x86
		{0F3F9F46-C25C-4D12-A438-2A7E74007CD7}.Release|x86.Build.0 = Release|x86
		{0F3F9F46-C25C-4D12-A438-2A7E74007CD7}.Release|x86.Deploy.0 = Release|x86
		{C8CB27F6-1CC5-46C2-BC75-46C915B558D4}.Debug|Any CPU.ActiveCfg = Debug|x86
		{C8CB27F6-1CC5-46C2-BC75-46C915B558D4}.Debug|Any CPU.Build.0 = Debug|x86
		{C8CB27F6-1CC5-46C2-BC75-46C915B558D4}.Debug|ARM.ActiveCfg = Debug|ARM
		{C8CB27F6-1CC5-46C2-BC75-46C915B558D4}.Debug|ARM.Build.0 = Debug|ARM
		{C8CB27F6-1CC5-46C2-BC75-46C915B558D4}.Debug|ARM.Deploy.0 = Debug|ARM
		{C8CB27F6-1CC5-46C2-BC75-46C915B558D4}.Debug|x64.ActiveCfg = Debug|x64
		{C8CB27F6-1CC5-46C2-BC75-46C915B558D4}.Debug|x64.Build.0 = Debug|x64
		{C8CB27F6-1CC5-46C2-BC75-46C915B558D4}.Debug|x64.Deploy.0 = Debug|x64
		{C8CB27F6-1CC5-46C2-BC75-46C915B558D4}.Debug|x86.ActiveCfg = Debug|x86
		{C8CB27F6-1CC5-46C2-BC75-46C915B558D4}.Debug|x86.Build.0 = Debug|x86
		{C8CB27F6-1CC5-46C2-BC75-46C915B558D4}.Debug|x86.Deploy.0 = Debug|x86
		{C8CB27F6-1CC5-46C2-BC75-46C915B558D4}.Release|Any CPU.ActiveCfg = Release|x86
		{C8CB27F6-1CC5-46C2-BC75-46C915B558D4}.Release|Any CPU.Build.0 = Release|x86
		{C8CB27F6-1CC5-46C2-BC75-46C915B558D4}.Release|ARM.ActiveCfg = Release|ARM
		{C8CB27F6-1CC5-46C2-BC75-46C915B558D4}.Release|ARM.Build.0 = Release|ARM
		{C8CB27F6-1CC5-46C2-BC75-46C915B558D4}.Release|ARM.Deploy.0 = Release|ARM
		{C8CB27F6-1CC5-46C2-BC75-46C915B558D4}.Release|x64.ActiveCfg = Release|x64
		{C8CB27F6-1CC5-46C2-BC75-46C915B558D4}.Release|x64.Build.0 = Release|x64
		{C8CB27F6-1CC5-46C2-BC75-46C915B558D4}.Release|x64.Deploy.0 = Release|x64
		{C8CB27F6-1CC5-46C2-BC75-46C915B558D4}.Release|x86.ActiveCfg = Release|x86
		{C8CB27F6-1CC5-46C2-BC75-46C915B558D4}.Release|x86.Build.0 = Release|x86
		{C8CB27F6-1CC5-46C2-BC75-46C915B558D4}.Release|x86.Deploy.0 = Release|x86
		{A4F4348C-2E3E-4674-BCE0-4BB6E2DE32FB}.Debug|Any CPU.ActiveCfg = Debug|x86
		{A4F4348C-2E3E-4674-BCE0-4BB6E2DE32FB}.Debug|Any CPU.Build.0 = Debug|x86
		{A4F4348C-2E3E-4674-BCE0-4BB6E2DE32FB}.Debug|ARM.ActiveCfg = Debug|ARM
		{A4F4348C-2E3E-4674-BCE0-4BB6E2DE32FB}.Debug|ARM.Build.0 = Debug|ARM
		{A4F4348C-2E3E-4674-BCE0-4BB6E2DE32FB}.Debug|ARM.Deploy.0 = Debug|ARM
		{A4F4348C-2E3E-4674-BCE0-4BB6E2DE32FB}.Debug|x64.ActiveCfg = Debug|x64
		{A4F4348C-2E3E-4674-BCE0-4BB6E2DE32FB}.Debug|x64.Build.0 = Debug|x64
		{A4F4348C-2E3E-4674-BCE0-4BB6E2DE32FB}.Debug|x64.Deploy.0 = Debug|x64
		{A4F4348C-2E3E-4674-BCE0-4BB6E2DE32FB}.Debug|x86.ActiveCfg = Debug|x86
		{A4F4348C-2E3E-4674-BCE0-4BB6E2DE32FB}.Debug|x86.Build.0 = Debug|x86
		{A4F4348C-2E3E-4674-BCE0-4BB6E2DE32FB}.Debug|x86.Deploy.0 = Debug|x86
		{A4F4348C-2E3E-4674-BCE0-4BB6E2DE32FB}.Release|Any CPU.ActiveCfg = Release|x86
		{A4F4348C-2E3E-4674-BCE0-4BB6E2DE32FB}.Release|Any CPU.Build.0 = Release|x86
		{A4F4348C-2E3E-4674-BCE0-4BB6E2DE32FB}.Release|ARM.ActiveCfg = Release|ARM
		{A4F4348C-2E3E-4674-BCE0-4BB6E2DE32FB}.Release|ARM.Build.0 = Release|ARM
		{A4F4348C-2E3E-4674-BCE0-4BB6E2DE32FB}.Release|ARM.Deploy.0 = Release|ARM
		{A4F4348C-2E3E-4674-BCE0-4BB6E2DE32FB}.Release|x64.ActiveCfg = Release|x64
		{A4F4348C-2E3E-4674-BCE0-4BB6E2DE32FB}.Release|x64.Build.0 = Release|x64
		{A4F4348C-2E3E-4674-BCE0-4BB6E2DE32FB}.Release|x64.Deploy.0 = Release|x64
		{A4F4348C-2E3E-4674-BCE0-4BB6E2DE32FB}.Release|x86.ActiveCfg = Release|x86
		{A4F4348C-2E3E-4674-BCE0-4BB6E2DE32FB}.Release|x86.Build.0 = Release|x86
		{A4F4348C-2E3E-4674-BCE0-4BB6E2DE32FB}.Release|x86.Deploy.0 = Release|x86
		{C033D0F1-4D9D-4746-9E02-EB1B3B9815BB}.Debug|Any CPU.ActiveCfg = Debug|x86
		{C033D0F1-4D9D-4746-9E02-EB1B3B9815BB}.Debug|ARM.ActiveCfg = Debug|ARM
		{C033D0F1-4D9D-4746-9E02-EB1B3B9815BB}.Debug|ARM.Build.0 = Debug|ARM
		{C033D0F1-4D9D-4746-9E02-EB1B3B9815BB}.Debug|ARM.Deploy.0 = Debug|ARM
		{C033D0F1-4D9D-4746-9E02-EB1B3B9815BB}.Debug|x64.ActiveCfg = Debug|x64
		{C033D0F1-4D9D-4746-9E02-EB1B3B9815BB}.Debug|x64.Build.0 = Debug|x64
		{C033D0F1-4D9D-4746-9E02-EB1B3B9815BB}.Debug|x64.Deploy.0 = Debug|x64
		{C033D0F1-4D9D-4746-9E02-EB1B3B9815BB}.Debug|x86.ActiveCfg = Debug|x86
		{C033D0F1-4D9D-4746-9E02-EB1B3B9815BB}.Debug|x86.Build.0 = Debug|x86
		{C033D0F1-4D9D-4746-9E02-EB1B3B9815BB}.Debug|x86.Deploy.0 = Debug|x86
		{C033D0F1-4D9D-4746-9E02-EB1B3B9815BB}.Release|Any CPU.ActiveCfg = Release|x86
		{C033D0F1-4D9D-4746-9E02-EB1B3B9815BB}.Release|ARM.ActiveCfg = Release|ARM
		{C033D0F1-4D9D-4746-9E02-EB1B3B9815BB}.Release|ARM.Build.0 = Release|ARM
		{C033D0F1-4D9D-4746-9E02-EB1B3B9815BB}.Release|ARM.Deploy.0 = Release|ARM
		{C033D0F1-4D9D-4746-9E02-EB1B3B9815BB}.Release|x64.ActiveCfg = Release|x64
		{C033D0F1-4D9D-4746-9E02-EB1B3B9815BB}.Release|x64.Build.0 = Release|x64
		{C033D0F1-4D9D-4746-9E02-EB1B3B9815BB}.Release|x64.Deploy.0 = Release|x64
		{C033D0F1-4D9D-4746-9E02-EB1B3B9815BB}.Release|x86.ActiveCfg = Release|x86
		{C033D0F1-4D9D-4746-9E02-EB1B3B9815BB}.Release|x86.Build.0 = Release|x86
		{C033D0F1-4D9D-4746-9E02-EB1B3B9815BB}.Release|x86.Deploy.0 = Release|x86
	EndGlobalSection
	GlobalSection(SolutionProperties) = preSolution
		HideSolutionNode = FALSE
	EndGlobalSection
	GlobalSection(NestedProjects) = preSolution
		{BF14F352-F1B9-4CDE-854B-0339259A4CFD} = {1535A007-5BC4-41B6-B9CA-FDC7AAFA75F9}
		{B1A0D416-9566-45CC-AA38-41908D28CE56} = {AC00B3FD-1033-4E91-99ED-768191AF090C}
		{53D05634-F960-4526-8008-F082A598A0E4} = {83874C89-FB6F-4CAA-B48C-E5985E0FC14A}
		{5DB497CD-B469-42A8-AE39-41B8465710A6} = {9DEA169A-8E03-47A5-82C4-EB239B686252}
		{02174A60-4907-449E-818C-A25A39C0B3DC} = {FEE19EE0-392E-41B9-9D37-2D77826B5647}
		{23930C19-5A0F-4217-A80A-868505D629A4} = {B644D976-FFDC-4BD6-9DA2-76F25D04CDA7}
		{B3477108-2FE6-419A-8BDF-FDBD587B70F3} = {BBA7198B-6778-4AE3-9172-0D1314D997D1}
		{0F3F9F46-C25C-4D12-A438-2A7E74007CD7} = {BBA7198B-6778-4AE3-9172-0D1314D997D1}
		{C8CB27F6-1CC5-46C2-BC75-46C915B558D4} = {BBA7198B-6778-4AE3-9172-0D1314D997D1}
		{A4F4348C-2E3E-4674-BCE0-4BB6E2DE32FB} = {BBA7198B-6778-4AE3-9172-0D1314D997D1}
	EndGlobalSection
EndGlobal
